
Microsoft Visual Studio Solution File, Format Version 12.00
# Visual Studio Version 16
VisualStudioVersion = 16.0.31402.337
MinimumVisualStudioVersion = 10.0.40219.1
Project("{FAE04EC0-301F-11D3-BF4B-00C04F79EFBC}") = "PasswordChecker", "PasswordChecker\PasswordChecker.csproj", "{5566100D-F42E-4638-AE4F-0FDAFA1D437C}"
EndProject
Project("{FAE04EC0-301F-11D3-BF4B-00C04F79EFBC}") = "PasswordCheckerTests", "PasswordCheckerTests\PasswordCheckerTests.csproj", "{8946E8A0-8B23-4926-A433-391D01BD83C7}"
EndProject
Global
	GlobalSection(SolutionConfigurationPlatforms) = preSolution
		Debug|Any CPU = Debug|Any CPU
		Release|Any CPU = Release|Any CPU
	EndGlobalSection
	GlobalSection(ProjectConfigurationPlatforms) = postSolution
		{5566100D-F42E-4638-AE4F-0FDAFA1D437C}.Debug|Any CPU.ActiveCfg = Debug|Any CPU
		{5566100D-F42E-4638-AE4F-0FDAFA1D437C}.Debug|Any CPU.Build.0 = Debug|Any CPU
		{5566100D-F42E-4638-AE4F-0FDAFA1D437C}.Release|Any CPU.ActiveCfg = Release|Any CPU
		{5566100D-F42E-4638-AE4F-0FDAFA1D437C}.Release|Any CPU.Build.0 = Release|Any CPU
		{8946E8A0-8B23-4926-A433-391D01BD83C7}.Debug|Any CPU.ActiveCfg = Debug|Any CPU
		{8946E8A0-8B23-4926-A433-391D01BD83C7}.Debug|Any CPU.Build.0 = Debug|Any CPU
		{8946E8A0-8B23-4926-A433-391D01BD83C7}.Release|Any CPU.ActiveCfg = Release|Any CPU
		{8946E8A0-8B23-4926-A433-391D01BD83C7}.Release|Any CPU.Build.0 = Release|Any CPU
	EndGlobalSection
	GlobalSection(SolutionProperties) = preSolution
		HideSolutionNode = FALSE
	EndGlobalSection
	GlobalSection(ExtensibilityGlobals) = postSolution
		SolutionGuid = {E4839F76-11C9-4685-8561-F3D3C0AB1360}
	EndGlobalSection
EndGlobal
